// !$*UTF8*$!
{
	archiveVersion = 1;
	classes = {
	};
	objectVersion = 46;
	objects = {

/* Begin PBXBuildFile section */
		618B19A71CA34B2E005D34D3 /* AppDelegate.swift in Sources */ = {isa = PBXBuildFile; fileRef = 618B19A61CA34B2E005D34D3 /* AppDelegate.swift */; };
		618B19AB1CA34B2E005D34D3 /* GameScene.swift in Sources */ = {isa = PBXBuildFile; fileRef = 618B19AA1CA34B2E005D34D3 /* GameScene.swift */; };
		618B19AD1CA34B2E005D34D3 /* GameViewController.swift in Sources */ = {isa = PBXBuildFile; fileRef = 618B19AC1CA34B2E005D34D3 /* GameViewController.swift */; };
		618B19B01CA34B2E005D34D3 /* Main.storyboard in Resources */ = {isa = PBXBuildFile; fileRef = 618B19AE1CA34B2E005D34D3 /* Main.storyboard */; };
		618B19B21CA34B2E005D34D3 /* Assets.xcassets in Resources */ = {isa = PBXBuildFile; fileRef = 618B19B11CA34B2E005D34D3 /* Assets.xcassets */; };
		618B19B51CA34B2E005D34D3 /* LaunchScreen.storyboard in Resources */ = {isa = PBXBuildFile; fileRef = 618B19B31CA34B2E005D34D3 /* LaunchScreen.storyboard */; };
		618B19CF1CA35EB0005D34D3 /* bomb.mp3 in Resources */ = {isa = PBXBuildFile; fileRef = 618B19CA1CA35EB0005D34D3 /* bomb.mp3 */; };
		618B19D01CA35EB0005D34D3 /* drop.mp3 in Resources */ = {isa = PBXBuildFile; fileRef = 618B19CB1CA35EB0005D34D3 /* drop.mp3 */; };
		618B19D11CA35EB0005D34D3 /* gameover.mp3 in Resources */ = {isa = PBXBuildFile; fileRef = 618B19CC1CA35EB0005D34D3 /* gameover.mp3 */; };
		618B19D21CA35EB0005D34D3 /* levelup.mp3 in Resources */ = {isa = PBXBuildFile; fileRef = 618B19CD1CA35EB0005D34D3 /* levelup.mp3 */; };
		618B19D31CA35EB0005D34D3 /* theme.mp3 in Resources */ = {isa = PBXBuildFile; fileRef = 618B19CE1CA35EB0005D34D3 /* theme.mp3 */; };
		618B19D51CA3682F005D34D3 /* Array2D.swift in Sources */ = {isa = PBXBuildFile; fileRef = 618B19D41CA3682F005D34D3 /* Array2D.swift */; };
		618B19D71CA38B8C005D34D3 /* Block.swift in Sources */ = {isa = PBXBuildFile; fileRef = 618B19D61CA38B8C005D34D3 /* Block.swift */; };
		618B19D91CA3A189005D34D3 /* Shape.swift in Sources */ = {isa = PBXBuildFile; fileRef = 618B19D81CA3A189005D34D3 /* Shape.swift */; };
		618B19DB1CA3AEE3005D34D3 /* SquareShape.swift in Sources */ = {isa = PBXBuildFile; fileRef = 618B19DA1CA3AEE3005D34D3 /* SquareShape.swift */; };
		618B19DD1CA3B386005D34D3 /* TShape.swift in Sources */ = {isa = PBXBuildFile; fileRef = 618B19DC1CA3B386005D34D3 /* TShape.swift */; };
		618B19DF1CA3B3B4005D34D3 /* LineShape.swift in Sources */ = {isa = PBXBuildFile; fileRef = 618B19DE1CA3B3B4005D34D3 /* LineShape.swift */; };
		618B19E11CA3B3D0005D34D3 /* LShape.swift in Sources */ = {isa = PBXBuildFile; fileRef = 618B19E01CA3B3D0005D34D3 /* LShape.swift */; };
		618B19E31CA3B3EA005D34D3 /* JShape.swift in Sources */ = {isa = PBXBuildFile; fileRef = 618B19E21CA3B3EA005D34D3 /* JShape.swift */; };
		618B19E51CA3B407005D34D3 /* SShape.swift in Sources */ = {isa = PBXBuildFile; fileRef = 618B19E41CA3B407005D34D3 /* SShape.swift */; };
		618B19E71CA3B421005D34D3 /* ZShape.swift in Sources */ = {isa = PBXBuildFile; fileRef = 618B19E61CA3B421005D34D3 /* ZShape.swift */; };
		618B19EA1CA3B806005D34D3 /* Tetris.swift in Sources */ = {isa = PBXBuildFile; fileRef = 618B19E91CA3B806005D34D3 /* Tetris.swift */; };
/* End PBXBuildFile section */

/* Begin PBXFileReference section */
		618B19A31CA34B2E005D34D3 /* Tetris.app */ = {isa = PBXFileReference; explicitFileType = wrapper.application; includeInIndex = 0; path = Tetris.app; sourceTree = BUILT_PRODUCTS_DIR; };
		618B19A61CA34B2E005D34D3 /* AppDelegate.swift */ = {isa = PBXFileReference; lastKnownFileType = sourcecode.swift; path = AppDelegate.swift; sourceTree = "<group>"; };
		618B19AA1CA34B2E005D34D3 /* GameScene.swift */ = {isa = PBXFileReference; lastKnownFileType = sourcecode.swift; path = GameScene.swift; sourceTree = "<group>"; };
		618B19AC1CA34B2E005D34D3 /* GameViewController.swift */ = {isa = PBXFileReference; lastKnownFileType = sourcecode.swift; path = GameViewController.swift; sourceTree = "<group>"; };
		618B19AF1CA34B2E005D34D3 /* Base */ = {isa = PBXFileReference; lastKnownFileType = file.storyboard; name = Base; path = Base.lproj/Main.storyboard; sourceTree = "<group>"; };
		618B19B11CA34B2E005D34D3 /* Assets.xcassets */ = {isa = PBXFileReference; lastKnownFileType = folder.assetcatalog; path = Assets.xcassets; sourceTree = "<group>"; };
		618B19B41CA34B2E005D34D3 /* Base */ = {isa = PBXFileReference; lastKnownFileType = file.storyboard; name = Base; path = Base.lproj/LaunchScreen.storyboard; sourceTree = "<group>"; };
		618B19B61CA34B2E005D34D3 /* Info.plist */ = {isa = PBXFileReference; lastKnownFileType = text.plist.xml; path = Info.plist; sourceTree = "<group>"; };
		618B19CA1CA35EB0005D34D3 /* bomb.mp3 */ = {isa = PBXFileReference; lastKnownFileType = audio.mp3; path = bomb.mp3; sourceTree = "<group>"; };
		618B19CB1CA35EB0005D34D3 /* drop.mp3 */ = {isa = PBXFileReference; lastKnownFileType = audio.mp3; path = drop.mp3; sourceTree = "<group>"; };
		618B19CC1CA35EB0005D34D3 /* gameover.mp3 */ = {isa = PBXFileReference; lastKnownFileType = audio.mp3; path = gameover.mp3; sourceTree = "<group>"; };
		618B19CD1CA35EB0005D34D3 /* levelup.mp3 */ = {isa = PBXFileReference; lastKnownFileType = audio.mp3; path = levelup.mp3; sourceTree = "<group>"; };
		618B19CE1CA35EB0005D34D3 /* theme.mp3 */ = {isa = PBXFileReference; lastKnownFileType = audio.mp3; path = theme.mp3; sourceTree = "<group>"; };
		618B19D41CA3682F005D34D3 /* Array2D.swift */ = {isa = PBXFileReference; fileEncoding = 4; lastKnownFileType = sourcecode.swift; path = Array2D.swift; sourceTree = "<group>"; };
		618B19D61CA38B8C005D34D3 /* Block.swift */ = {isa = PBXFileReference; fileEncoding = 4; lastKnownFileType = sourcecode.swift; path = Block.swift; sourceTree = "<group>"; };
		618B19D81CA3A189005D34D3 /* Shape.swift */ = {isa = PBXFileReference; fileEncoding = 4; lastKnownFileType = sourcecode.swift; path = Shape.swift; sourceTree = "<group>"; };
		618B19DA1CA3AEE3005D34D3 /* SquareShape.swift */ = {isa = PBXFileReference; fileEncoding = 4; lastKnownFileType = sourcecode.swift; path = SquareShape.swift; sourceTree = "<group>"; };
		618B19DC1CA3B386005D34D3 /* TShape.swift */ = {isa = PBXFileReference; fileEncoding = 4; lastKnownFileType = sourcecode.swift; path = TShape.swift; sourceTree = "<group>"; };
		618B19DE1CA3B3B4005D34D3 /* LineShape.swift */ = {isa = PBXFileReference; fileEncoding = 4; lastKnownFileType = sourcecode.swift; path = LineShape.swift; sourceTree = "<group>"; };
		618B19E01CA3B3D0005D34D3 /* LShape.swift */ = {isa = PBXFileReference; fileEncoding = 4; lastKnownFileType = sourcecode.swift; path = LShape.swift; sourceTree = "<group>"; };
		618B19E21CA3B3EA005D34D3 /* JShape.swift */ = {isa = PBXFileReference; fileEncoding = 4; lastKnownFileType = sourcecode.swift; path = JShape.swift; sourceTree = "<group>"; };
		618B19E41CA3B407005D34D3 /* SShape.swift */ = {isa = PBXFileReference; fileEncoding = 4; lastKnownFileType = sourcecode.swift; path = SShape.swift; sourceTree = "<group>"; };
		618B19E61CA3B421005D34D3 /* ZShape.swift */ = {isa = PBXFileReference; fileEncoding = 4; lastKnownFileType = sourcecode.swift; path = ZShape.swift; sourceTree = "<group>"; };
		618B19E91CA3B806005D34D3 /* Tetris.swift */ = {isa = PBXFileReference; fileEncoding = 4; lastKnownFileType = sourcecode.swift; path = Tetris.swift; sourceTree = "<group>"; };
/* End PBXFileReference section */

/* Begin PBXFrameworksBuildPhase section */
		618B19A01CA34B2E005D34D3 /* Frameworks */ = {
			isa = PBXFrameworksBuildPhase;
			buildActionMask = 2147483647;
			files = (
			);
			runOnlyForDeploymentPostprocessing = 0;
		};
/* End PBXFrameworksBuildPhase section */

/* Begin PBXGroup section */
		618B199A1CA34B2E005D34D3 = {
			isa = PBXGroup;
			children = (
				618B19A51CA34B2E005D34D3 /* Tetris */,
				618B19A41CA34B2E005D34D3 /* Products */,
			);
			sourceTree = "<group>";
		};
		618B19A41CA34B2E005D34D3 /* Products */ = {
			isa = PBXGroup;
			children = (
				618B19A31CA34B2E005D34D3 /* Tetris.app */,
			);
			name = Products;
			sourceTree = "<group>";
		};
		618B19A51CA34B2E005D34D3 /* Tetris */ = {
			isa = PBXGroup;
			children = (
				618B19E81CA3B49A005D34D3 /* Shapes */,
				618B19AA1CA34B2E005D34D3 /* GameScene.swift */,
				618B19AC1CA34B2E005D34D3 /* GameViewController.swift */,
				618B19D61CA38B8C005D34D3 /* Block.swift */,
				618B19D81CA3A189005D34D3 /* Shape.swift */,
				618B19E91CA3B806005D34D3 /* Tetris.swift */,
				618B19DA1CA3AEE3005D34D3 /* SquareShape.swift */,
				618B19D41CA3682F005D34D3 /* Array2D.swift */,
				618B19AE1CA34B2E005D34D3 /* Main.storyboard */,
				618B19B11CA34B2E005D34D3 /* Assets.xcassets */,
				618B19BC1CA35E6D005D34D3 /* Others */,
			);
			path = Tetris;
			sourceTree = "<group>";
		};
		618B19BC1CA35E6D005D34D3 /* Others */ = {
			isa = PBXGroup;
			children = (
				618B19C91CA35EA6005D34D3 /* Sounds */,
				618B19B31CA34B2E005D34D3 /* LaunchScreen.storyboard */,
				618B19B61CA34B2E005D34D3 /* Info.plist */,
				618B19A61CA34B2E005D34D3 /* AppDelegate.swift */,
			);
			name = Others;
			sourceTree = "<group>";
		};
		618B19C91CA35EA6005D34D3 /* Sounds */ = {
			isa = PBXGroup;
			children = (
				618B19CA1CA35EB0005D34D3 /* bomb.mp3 */,
				618B19CB1CA35EB0005D34D3 /* drop.mp3 */,
				618B19CC1CA35EB0005D34D3 /* gameover.mp3 */,
				618B19CD1CA35EB0005D34D3 /* levelup.mp3 */,
				618B19CE1CA35EB0005D34D3 /* theme.mp3 */,
			);
			name = Sounds;
			sourceTree = "<group>";
		};
		618B19E81CA3B49A005D34D3 /* Shapes */ = {
			isa = PBXGroup;
			children = (
				618B19DC1CA3B386005D34D3 /* TShape.swift */,
				618B19DE1CA3B3B4005D34D3 /* LineShape.swift */,
				618B19E01CA3B3D0005D34D3 /* LShape.swift */,
				618B19E21CA3B3EA005D34D3 /* JShape.swift */,
				618B19E41CA3B407005D34D3 /* SShape.swift */,
				618B19E61CA3B421005D34D3 /* ZShape.swift */,
			);
			name = Shapes;
			sourceTree = "<group>";
		};
/* End PBXGroup section */

/* Begin PBXNativeTarget section */
		618B19A21CA34B2E005D34D3 /* Tetris */ = {
			isa = PBXNativeTarget;
			buildConfigurationList = 618B19B91CA34B2E005D34D3 /* Build configuration list for PBXNativeTarget "Tetris" */;
			buildPhases = (
				618B199F1CA34B2E005D34D3 /* Sources */,
				618B19A01CA34B2E005D34D3 /* Frameworks */,
				618B19A11CA34B2E005D34D3 /* Resources */,
			);
			buildRules = (
			);
			dependencies = (
			);
			name = Tetris;
			productName = Tetris;
			productReference = 618B19A31CA34B2E005D34D3 /* Tetris.app */;
			productType = "com.apple.product-type.application";
		};
/* End PBXNativeTarget section */

/* Begin PBXProject section */
		618B199B1CA34B2E005D34D3 /* Project object */ = {
			isa = PBXProject;
			attributes = {
				LastSwiftUpdateCheck = 0720;
				LastUpgradeCheck = 0720;
				ORGANIZATIONNAME = guitarrkurt;
				TargetAttributes = {
					618B19A21CA34B2E005D34D3 = {
						CreatedOnToolsVersion = 7.2;
					};
				};
			};
			buildConfigurationList = 618B199E1CA34B2E005D34D3 /* Build configuration list for PBXProject "Tetris" */;
			compatibilityVersion = "Xcode 3.2";
			developmentRegion = English;
			hasScannedForEncodings = 0;
			knownRegions = (
				en,
				Base,
			);
			mainGroup = 618B199A1CA34B2E005D34D3;
			productRefGroup = 618B19A41CA34B2E005D34D3 /* Products */;
			projectDirPath = "";
			projectRoot = "";
			targets = (
				618B19A21CA34B2E005D34D3 /* Tetris */,
			);
		};
/* End PBXProject section */

/* Begin PBXResourcesBuildPhase section */
		618B19A11CA34B2E005D34D3 /* Resources */ = {
			isa = PBXResourcesBuildPhase;
			buildActionMask = 2147483647;
			files = (
				618B19B51CA34B2E005D34D3 /* LaunchScreen.storyboard in Resources */,
				618B19D01CA35EB0005D34D3 /* drop.mp3 in Resources */,
				618B19D31CA35EB0005D34D3 /* theme.mp3 in Resources */,
				618B19D11CA35EB0005D34D3 /* gameover.mp3 in Resources */,
				618B19B21CA34B2E005D34D3 /* Assets.xcassets in Resources */,
				618B19D21CA35EB0005D34D3 /* levelup.mp3 in Resources */,
				618B19CF1CA35EB0005D34D3 /* bomb.mp3 in Resources */,
				618B19B01CA34B2E005D34D3 /* Main.storyboard in Resources */,
			);
			runOnlyForDeploymentPostprocessing = 0;
		};
/* End PBXResourcesBuildPhase section */

/* Begin PBXSourcesBuildPhase section */
		618B199F1CA34B2E005D34D3 /* Sources */ = {
			isa = PBXSourcesBuildPhase;
			buildActionMask = 2147483647;
			files = (
				618B19E11CA3B3D0005D34D3 /* LShape.swift in Sources */,
				618B19DB1CA3AEE3005D34D3 /* SquareShape.swift in Sources */,
				618B19EA1CA3B806005D34D3 /* Tetris.swift in Sources */,
				618B19AB1CA34B2E005D34D3 /* GameScene.swift in Sources */,
				618B19E31CA3B3EA005D34D3 /* JShape.swift in Sources */,
				618B19D91CA3A189005D34D3 /* Shape.swift in Sources */,
				618B19D51CA3682F005D34D3 /* Array2D.swift in Sources */,
				618B19DF1CA3B3B4005D34D3 /* LineShape.swift in Sources */,
				618B19E51CA3B407005D34D3 /* SShape.swift in Sources */,
				618B19DD1CA3B386005D34D3 /* TShape.swift in Sources */,
				618B19D71CA38B8C005D34D3 /* Block.swift in Sources */,
				618B19AD1CA34B2E005D34D3 /* GameViewController.swift in Sources */,
				618B19E71CA3B421005D34D3 /* ZShape.swift in Sources */,
				618B19A71CA34B2E005D34D3 /* AppDelegate.swift in Sources */,
			);
			runOnlyForDeploymentPostprocessing = 0;
		};
/* End PBXSourcesBuildPhase section */

/* Begin PBXVariantGroup section */
		618B19AE1CA34B2E005D34D3 /* Main.storyboard */ = {
			isa = PBXVariantGroup;
			children = (
				618B19AF1CA34B2E005D34D3 /* Base */,
			);
			name = Main.storyboard;
			sourceTree = "<group>";
		};
		618B19B31CA34B2E005D34D3 /* LaunchScreen.storyboard */ = {
			isa = PBXVariantGroup;
			children = (
				618B19B41CA34B2E005D34D3 /* Base */,
			);
			name = LaunchScreen.storyboard;
			sourceTree = "<group>";
		};
/* End PBXVariantGroup section */

/* Begin XCBuildConfiguration section */
		618B19B71CA34B2E005D34D3 /* Debug */ = {
			isa = XCBuildConfiguration;
			buildSettings = {
				ALWAYS_SEARCH_USER_PATHS = NO;
				CLANG_CXX_LANGUAGE_STANDARD = "gnu++0x";
				CLANG_CXX_LIBRARY = "libc++";
				CLANG_ENABLE_MODULES = YES;
				CLANG_ENABLE_OBJC_ARC = YES;
				CLANG_WARN_BOOL_CONVERSION = YES;
				CLANG_WARN_CONSTANT_CONVERSION = YES;
				CLANG_WARN_DIRECT_OBJC_ISA_USAGE = YES_ERROR;
				CLANG_WARN_EMPTY_BODY = YES;
				CLANG_WARN_ENUM_CONVERSION = YES;
				CLANG_WARN_INT_CONVERSION = YES;
				CLANG_WARN_OBJC_ROOT_CLASS = YES_ERROR;
				CLANG_WARN_UNREACHABLE_CODE = YES;
				CLANG_WARN__DUPLICATE_METHOD_MATCH = YES;
				"CODE_SIGN_IDENTITY[sdk=iphoneos*]" = "iPhone Developer";
				COPY_PHASE_STRIP = NO;
				DEBUG_INFORMATION_FORMAT = "dwarf-with-dsym";
				ENABLE_STRICT_OBJC_MSGSEND = YES;
				ENABLE_TESTABILITY = YES;
				GCC_C_LANGUAGE_STANDARD = gnu99;
				GCC_DYNAMIC_NO_PIC = NO;
				GCC_NO_COMMON_BLOCKS = YES;
				GCC_OPTIMIZATION_LEVEL = 0;
				GCC_PREPROCESSOR_DEFINITIONS = (
					"DEBUG=1",
					"$(inherited)",
				);
				GCC_WARN_64_TO_32_BIT_CONVERSION = YES;
				GCC_WARN_ABOUT_RETURN_TYPE = YES_ERROR;
				GCC_WARN_UNDECLARED_SELECTOR = YES;
				GCC_WARN_UNINITIALIZED_AUTOS = YES_AGGRESSIVE;
				GCC_WARN_UNUSED_FUNCTION = YES;
				GCC_WARN_UNUSED_VARIABLE = YES;
				IPHONEOS_DEPLOYMENT_TARGET = 9.2;
				MTL_ENABLE_DEBUG_INFO = YES;
				ONLY_ACTIVE_ARCH = YES;
				SDKROOT = iphoneos;
				SWIFT_OPTIMIZATION_LEVEL = "-Onone";
			};
			name = Debug;
		};
		618B19B81CA34B2E005D34D3 /* Release */ = {
			isa = XCBuildConfiguration;
			buildSettings = {
				ALWAYS_SEARCH_USER_PATHS = NO;
				CLANG_CXX_LANGUAGE_STANDARD = "gnu++0x";
				CLANG_CXX_LIBRARY = "libc++";
				CLANG_ENABLE_MODULES = YES;
				CLANG_ENABLE_OBJC_ARC = YES;
				CLANG_WARN_BOOL_CONVERSION = YES;
				CLANG_WARN_CONSTANT_CONVERSION = YES;
				CLANG_WARN_DIRECT_OBJC_ISA_USAGE = YES_ERROR;
				CLANG_WARN_EMPTY_BODY = YES;
				CLANG_WARN_ENUM_CONVERSION = YES;
				CLANG_WARN_INT_CONVERSION = YES;
				CLANG_WARN_OBJC_ROOT_CLASS = YES_ERROR;
				CLANG_WARN_UNREACHABLE_CODE = YES;
				CLANG_WARN__DUPLICATE_METHOD_MATCH = YES;
				"CODE_SIGN_IDENTITY[sdk=iphoneos*]" = "iPhone Developer";
				COPY_PHASE_STRIP = NO;
				DEBUG_INFORMATION_FORMAT = "dwarf-with-dsym";
				ENABLE_NS_ASSERTIONS = NO;
				ENABLE_STRICT_OBJC_MSGSEND = YES;
				GCC_C_LANGUAGE_STANDARD = gnu99;
				GCC_NO_COMMON_BLOCKS = YES;
				GCC_WARN_64_TO_32_BIT_CONVERSION = YES;
				GCC_WARN_ABOUT_RETURN_TYPE = YES_ERROR;
				GCC_WARN_UNDECLARED_SELECTOR = YES;
				GCC_WARN_UNINITIALIZED_AUTOS = YES_AGGRESSIVE;
				GCC_WARN_UNUSED_FUNCTION = YES;
				GCC_WARN_UNUSED_VARIABLE = YES;
				IPHONEOS_DEPLOYMENT_TARGET = 9.2;
				MTL_ENABLE_DEBUG_INFO = NO;
				SDKROOT = iphoneos;
				VALIDATE_PRODUCT = YES;
			};
			name = Release;
		};
		618B19BA1CA34B2E005D34D3 /* Debug */ = {
			isa = XCBuildConfiguration;
			buildSettings = {
				ASSETCATALOG_COMPILER_APPICON_NAME = AppIcon;
				INFOPLIST_FILE = Tetris/Info.plist;
				LD_RUNPATH_SEARCH_PATHS = "$(inherited) @executable_path/Frameworks";
				PRODUCT_BUNDLE_IDENTIFIER = mx.buap.cs.ilab.Tetris;
				PRODUCT_NAME = "$(TARGET_NAME)";
			};
			name = Debug;
		};
		618B19BB1CA34B2E005D34D3 /* Release */ = {
			isa = XCBuildConfiguration;
			buildSettings = {
				ASSETCATALOG_COMPILER_APPICON_NAME = AppIcon;
				INFOPLIST_FILE = Tetris/Info.plist;
				LD_RUNPATH_SEARCH_PATHS = "$(inherited) @executable_path/Frameworks";
				PRODUCT_BUNDLE_IDENTIFIER = mx.buap.cs.ilab.Tetris;
				PRODUCT_NAME = "$(TARGET_NAME)";
			};
			name = Release;
		};
/* End XCBuildConfiguration section */

/* Begin XCConfigurationList section */
		618B199E1CA34B2E005D34D3 /* Build configuration list for PBXProject "Tetris" */ = {
			isa = XCConfigurationList;
			buildConfigurations = (
				618B19B71CA34B2E005D34D3 /* Debug */,
				618B19B81CA34B2E005D34D3 /* Release */,
			);
			defaultConfigurationIsVisible = 0;
			defaultConfigurationName = Release;
		};
		618B19B91CA34B2E005D34D3 /* Build configuration list for PBXNativeTarget "Tetris" */ = {
			isa = XCConfigurationList;
			buildConfigurations = (
				618B19BA1CA34B2E005D34D3 /* Debug */,
				618B19BB1CA34B2E005D34D3 /* Release */,
			);
			defaultConfigurationIsVisible = 0;
		};
/* End XCConfigurationList section */
	};
	rootObject = 618B199B1CA34B2E005D34D3 /* Project object */;
}
